
Microsoft Visual Studio Solution File, Format Version 12.00
# Visual Studio Version 16
VisualStudioVersion = 16.0.29306.81
MinimumVisualStudioVersion = 10.0.40219.1
Project("{FAE04EC0-301F-11D3-BF4B-00C04F79EFBC}") = "WEB Course Work", "WEB Course Work\WEB Course Work.csproj", "{9FB72684-66BD-4D56-A5BA-D77863065CD1}"
EndProject
Global
	GlobalSection(SolutionConfigurationPlatforms) = preSolution
		Debug|Any CPU = Debug|Any CPU
		Release|Any CPU = Release|Any CPU
	EndGlobalSection
	GlobalSection(ProjectConfigurationPlatforms) = postSolution
		{9FB72684-66BD-4D56-A5BA-D77863065CD1}.Debug|Any CPU.ActiveCfg = Debug|Any CPU
		{9FB72684-66BD-4D56-A5BA-D77863065CD1}.Debug|Any CPU.Build.0 = Debug|Any CPU
		{9FB72684-66BD-4D56-A5BA-D77863065CD1}.Release|Any CPU.ActiveCfg = Release|Any CPU
		{9FB72684-66BD-4D56-A5BA-D77863065CD1}.Release|Any CPU.Build.0 = Release|Any CPU
	EndGlobalSection
	GlobalSection(SolutionProperties) = preSolution
		HideSolutionNode = FALSE
	EndGlobalSection
	GlobalSection(ExtensibilityGlobals) = postSolution
		SolutionGuid = {310D09E4-32C9-4785-A1AE-66CCE2EF166D}
	EndGlobalSection
EndGlobal
